
Microsoft Visual Studio Solution File, Format Version 12.00
# Visual Studio Version 17
VisualStudioVersion = 17.5.002.0
MinimumVisualStudioVersion = 10.0.40219.1
Project("{9A19103F-16F7-4668-BE54-9A1E7A4F7556}") = "arbweb_toolbox_wasm", "arbweb_toolbox_wasm.csproj", "{1B22CC4C-B362-42D9-9C27-50CBB9CDE9B0}"
EndProject
Global
	GlobalSection(SolutionConfigurationPlatforms) = preSolution
		Debug|Any CPU = Debug|Any CPU
		Release|Any CPU = Release|Any CPU
	EndGlobalSection
	GlobalSection(ProjectConfigurationPlatforms) = postSolution
		{1B22CC4C-B362-42D9-9C27-50CBB9CDE9B0}.Debug|Any CPU.ActiveCfg = Debug|Any CPU
		{1B22CC4C-B362-42D9-9C27-50CBB9CDE9B0}.Debug|Any CPU.Build.0 = Debug|Any CPU
		{1B22CC4C-B362-42D9-9C27-50CBB9CDE9B0}.Release|Any CPU.ActiveCfg = Release|Any CPU
		{1B22CC4C-B362-42D9-9C27-50CBB9CDE9B0}.Release|Any CPU.Build.0 = Release|Any CPU
	EndGlobalSection
	GlobalSection(SolutionProperties) = preSolution
		HideSolutionNode = FALSE
	EndGlobalSection
	GlobalSection(ExtensibilityGlobals) = postSolution
		SolutionGuid = {7C381B90-D9CE-4F3F-85BA-93AD6B786624}
	EndGlobalSection
EndGlobal
