Microsoft Visual Studio Solution File, Format Version 12.00
# Visual Studio Version 17
VisualStudioVersion = 17.0.31611.283
MinimumVisualStudioVersion = 10.0.40219.1
Project("{9A19103F-16F7-4668-BE54-9A1E7A4F7556}") = "arbweb_toolbox_mobile", "arbweb_toolbox_mobile\arbweb_toolbox_mobile.csproj", "{8FF0C063-DE29-4E59-B57B-E95D49CF5160}"
EndProject
Project("{FAE04EC0-301F-11D3-BF4B-00C04F79EFBC}") = "arbweb_OCR", "arbweb_OCR\arbweb_OCR.csproj", "{70DD2454-92C2-44BE-8A0F-1C7ED6A7041B}"
EndProject
Global
	GlobalSection(SolutionConfigurationPlatforms) = preSolution
		Debug|Any CPU = Debug|Any CPU
		Release|Any CPU = Release|Any CPU
	EndGlobalSection
	GlobalSection(ProjectConfigurationPlatforms) = postSolution
		{8FF0C063-DE29-4E59-B57B-E95D49CF5160}.Debug|Any CPU.ActiveCfg = Debug|Any CPU
		{8FF0C063-DE29-4E59-B57B-E95D49CF5160}.Debug|Any CPU.Build.0 = Debug|Any CPU
		{8FF0C063-DE29-4E59-B57B-E95D49CF5160}.Debug|Any CPU.Deploy.0 = Debug|Any CPU
		{8FF0C063-DE29-4E59-B57B-E95D49CF5160}.Release|Any CPU.ActiveCfg = Release|Any CPU
		{8FF0C063-DE29-4E59-B57B-E95D49CF5160}.Release|Any CPU.Build.0 = Release|Any CPU
		{8FF0C063-DE29-4E59-B57B-E95D49CF5160}.Release|Any CPU.Deploy.0 = Release|Any CPU
		{70DD2454-92C2-44BE-8A0F-1C7ED6A7041B}.Debug|Any CPU.ActiveCfg = Debug|Any CPU
		{70DD2454-92C2-44BE-8A0F-1C7ED6A7041B}.Debug|Any CPU.Build.0 = Debug|Any CPU
		{70DD2454-92C2-44BE-8A0F-1C7ED6A7041B}.Release|Any CPU.ActiveCfg = Release|Any CPU
		{70DD2454-92C2-44BE-8A0F-1C7ED6A7041B}.Release|Any CPU.Build.0 = Release|Any CPU
	EndGlobalSection
	GlobalSection(SolutionProperties) = preSolution
		HideSolutionNode = FALSE
	EndGlobalSection
	GlobalSection(ExtensibilityGlobals) = postSolution
		SolutionGuid = {61F7FB11-1E47-470C-91E2-47F8143E1572}
	EndGlobalSection
EndGlobal
